
Microsoft Visual Studio Solution File, Format Version 12.00
# Visual Studio Version 17
VisualStudioVersion = 17.5.33516.290
MinimumVisualStudioVersion = 10.0.40219.1
Project("{FAE04EC0-301F-11D3-BF4B-00C04F79EFBC}") = "ConsoleApp1", "ConsoleApp1\ConsoleApp1.csproj", "{CD24A18D-5A97-4783-81CA-EB321303FF0E}"
EndProject
Global
	GlobalSection(SolutionConfigurationPlatforms) = preSolution
		Debug|Any CPU = Debug|Any CPU
		Release|Any CPU = Release|Any CPU
	EndGlobalSection
	GlobalSection(ProjectConfigurationPlatforms) = postSolution
		{CD24A18D-5A97-4783-81CA-EB321303FF0E}.Debug|Any CPU.ActiveCfg = Debug|Any CPU
		{CD24A18D-5A97-4783-81CA-EB321303FF0E}.Debug|Any CPU.Build.0 = Debug|Any CPU
		{CD24A18D-5A97-4783-81CA-EB321303FF0E}.Release|Any CPU.ActiveCfg = Release|Any CPU
		{CD24A18D-5A97-4783-81CA-EB321303FF0E}.Release|Any CPU.Build.0 = Release|Any CPU
	EndGlobalSection
	GlobalSection(SolutionProperties) = preSolution
		HideSolutionNode = FALSE
	EndGlobalSection
	GlobalSection(ExtensibilityGlobals) = postSolution
		SolutionGuid = {9DC486EC-721E-4E10-867C-65BEC23E7E2C}
	EndGlobalSection
EndGlobal
